lockfileVersion: '9.0'

settings:
  autoInstallPeers: true
  excludeLinksFromLockfile: false

importers:

  .:
    devDependencies:
      turbo:
        specifier: ^2.7.2
        version: 2.7.2

  packages/core:
    dependencies:
      discord-api-types:
        specifier: ^0.38.37
        version: 0.38.37
      ws:
        specifier: ^8.18.3
        version: 8.18.3
    devDependencies:
      '@types/ws':
        specifier: ^8.18.1
        version: 8.18.1
      typescript:
        specifier: ^5.9.3
        version: 5.9.3

  packages/rawcord.js:
    dependencies:
      '@rawcordjs/core':
        specifier: workspace:*
        version: link:../core
      '@rawcordjs/utils':
        specifier: workspace:*
        version: link:../utils
      '@rawcordjs/ws':
        specifier: workspace:*
        version: link:../ws

  packages/utils:
    dependencies:
      discord-api-types:
        specifier: ^0.38.37
        version: 0.38.37
      ws:
        specifier: ^8.18.3
        version: 8.18.3
    devDependencies:
      '@types/ws':
        specifier: ^8.18.1
        version: 8.18.1
      typescript:
        specifier: ^5.9.3
        version: 5.9.3

  packages/ws:
    dependencies:
      discord-api-types:
        specifier: ^0.38.37
        version: 0.38.37
      ws:
        specifier: ^8.18.3
        version: 8.18.3
    devDependencies:
      '@types/ws':
        specifier: ^8.18.1
        version: 8.18.1
      typescript:
        specifier: ^5.9.3
        version: 5.9.3

packages:

  '@types/node@25.0.3':
    resolution: {integrity: sha512-W609buLVRVmeW693xKfzHeIV6nJGGz98uCPfeXI1ELMLXVeKYZ9m15fAMSaUPBHYLGFsVRcMmSCksQOrZV9BYA==}

  '@types/ws@8.18.1':
    resolution: {integrity: sha512-ThVF6DCVhA8kUGy+aazFQ4kXQ7E1Ty7A3ypFOe0IcJV8O/M511G99AW24irKrW56Wt44yG9+ij8FaqoBGkuBXg==}

  discord-api-types@0.38.37:
    resolution: {integrity: sha512-Cv47jzY1jkGkh5sv0bfHYqGgKOWO1peOrGMkDFM4UmaGMOTgOW8QSexhvixa9sVOiz8MnVOBryWYyw/CEVhj7w==}

  turbo-darwin-64@2.7.2:
    resolution: {integrity: sha512-dxY3X6ezcT5vm3coK6VGixbrhplbQMwgNsCsvZamS/+/6JiebqW9DKt4NwpgYXhDY2HdH00I7FWs3wkVuan4rA==}
    cpu: [x64]
    os: [darwin]

  turbo-darwin-arm64@2.7.2:
    resolution: {integrity: sha512-1bXmuwPLqNFt3mzrtYcVx1sdJ8UYb124Bf48nIgcpMCGZy3kDhgxNv1503kmuK/37OGOZbsWSQFU4I08feIuSg==}
    cpu: [arm64]
    os: [darwin]

  turbo-linux-64@2.7.2:
    resolution: {integrity: sha512-kP+TiiMaiPugbRlv57VGLfcjFNsFbo8H64wMBCPV2270Or2TpDCBULMzZrvEsvWFjT3pBFvToYbdp8/Kw0jAQg==}
    cpu: [x64]
    os: [linux]

  turbo-linux-arm64@2.7.2:
    resolution: {integrity: sha512-VDJwQ0+8zjAfbyY6boNaWfP6RIez4ypKHxwkuB6SrWbOSk+vxTyW5/hEjytTwK8w/TsbKVcMDyvpora8tEsRFw==}
    cpu: [arm64]
    os: [linux]

  turbo-windows-64@2.7.2:
    resolution: {integrity: sha512-rPjqQXVnI6A6oxgzNEE8DNb6Vdj2Wwyhfv3oDc+YM3U9P7CAcBIlKv/868mKl4vsBtz4ouWpTQNXG8vljgJO+w==}
    cpu: [x64]
    os: [win32]

  turbo-windows-arm64@2.7.2:
    resolution: {integrity: sha512-tcnHvBhO515OheIFWdxA+qUvZzNqqcHbLVFc1+n+TJ1rrp8prYicQtbtmsiKgMvr/54jb9jOabU62URAobnB7g==}
    cpu: [arm64]
    os: [win32]

  turbo@2.7.2:
    resolution: {integrity: sha512-5JIA5aYBAJSAhrhbyag1ZuMSgUZnHtI+Sq3H8D3an4fL8PeF+L1yYvbEJg47akP1PFfATMf5ehkqFnxfkmuwZQ==}
    hasBin: true

  typescript@5.9.3:
    resolution: {integrity: sha512-jl1vZzPDinLr9eUt3J/t7V6FgNEw9QjvBPdysz9KfQDD41fQrC2Y4vKQdiaUpFT4bXlb1RHhLpp8wtm6M5TgSw==}
    engines: {node: '>=14.17'}
    hasBin: true

  undici-types@7.16.0:
    resolution: {integrity: sha512-Zz+aZWSj8LE6zoxD+xrjh4VfkIG8Ya6LvYkZqtUQGJPZjYl53ypCaUwWqo7eI0x66KBGeRo+mlBEkMSeSZ38Nw==}

  ws@8.18.3:
    resolution: {integrity: sha512-PEIGCY5tSlUt50cqyMXfCzX+oOPqN0vuGqWzbcJ2xvnkzkq46oOpz7dQaTDBdfICb4N14+GARUDw2XV2N4tvzg==}
    engines: {node: '>=10.0.0'}
    peerDependencies:
      bufferutil: ^4.0.1
      utf-8-validate: '>=5.0.2'
    peerDependenciesMeta:
      bufferutil:
        optional: true
      utf-8-validate:
        optional: true

snapshots:

  '@types/node@25.0.3':
    dependencies:
      undici-types: 7.16.0

  '@types/ws@8.18.1':
    dependencies:
      '@types/node': 25.0.3

  discord-api-types@0.38.37: {}

  turbo-darwin-64@2.7.2:
    optional: true

  turbo-darwin-arm64@2.7.2:
    optional: true

  turbo-linux-64@2.7.2:
    optional: true

  turbo-linux-arm64@2.7.2:
    optional: true

  turbo-windows-64@2.7.2:
    optional: true

  turbo-windows-arm64@2.7.2:
    optional: true

  turbo@2.7.2:
    optionalDependencies:
      turbo-darwin-64: 2.7.2
      turbo-darwin-arm64: 2.7.2
      turbo-linux-64: 2.7.2
      turbo-linux-arm64: 2.7.2
      turbo-windows-64: 2.7.2
      turbo-windows-arm64: 2.7.2

  typescript@5.9.3: {}

  undici-types@7.16.0: {}

  ws@8.18.3: {}
